
Microsoft Visual Studio Solution File, Format Version 12.00
# Visual Studio 2013
VisualStudioVersion = 12.0.21005.1
MinimumVisualStudioVersion = 10.0.40219.1
Project("{FAE04EC0-301F-11D3-BF4B-00C04F79EFBC}") = "Yandex.Coursa4", "Yandex.Coursa4\Yandex.Coursa4.csproj", "{1C8D8028-1DB7-4BD3-B293-7DDD07812953}"
EndProject
Project("{FAE04EC0-301F-11D3-BF4B-00C04F79EFBC}") = "Coursa4Library1", "Coursa4Library1\Coursa4Library1.csproj", "{2C67CA21-0619-446C-8EF5-D752D1BFD954}"
EndProject
Global
	GlobalSection(SolutionConfigurationPlatforms) = preSolution
		Debug|Any CPU = Debug|Any CPU
		Release|Any CPU = Release|Any CPU
	EndGlobalSection
	GlobalSection(ProjectConfigurationPlatforms) = postSolution
		{1C8D8028-1DB7-4BD3-B293-7DDD07812953}.Debug|Any CPU.ActiveCfg = Debug|Any CPU
		{1C8D8028-1DB7-4BD3-B293-7DDD07812953}.Debug|Any CPU.Build.0 = Debug|Any CPU
		{1C8D8028-1DB7-4BD3-B293-7DDD07812953}.Release|Any CPU.ActiveCfg = Release|Any CPU
		{1C8D8028-1DB7-4BD3-B293-7DDD07812953}.Release|Any CPU.Build.0 = Release|Any CPU
		{2C67CA21-0619-446C-8EF5-D752D1BFD954}.Debug|Any CPU.ActiveCfg = Debug|Any CPU
		{2C67CA21-0619-446C-8EF5-D752D1BFD954}.Debug|Any CPU.Build.0 = Debug|Any CPU
		{2C67CA21-0619-446C-8EF5-D752D1BFD954}.Release|Any CPU.ActiveCfg = Release|Any CPU
		{2C67CA21-0619-446C-8EF5-D752D1BFD954}.Release|Any CPU.Build.0 = Release|Any CPU
	EndGlobalSection
	GlobalSection(SolutionProperties) = preSolution
		HideSolutionNode = FALSE
	EndGlobalSection
EndGlobal
